
Microsoft Visual Studio Solution File, Format Version 12.00
# Visual Studio 15
VisualStudioVersion = 15.0.28307.852
MinimumVisualStudioVersion = 10.0.40219.1
Project("{FAE04EC0-301F-11D3-BF4B-00C04F79EFBC}") = "AskAMech", "AskAMech\AskAMech.csproj", "{D5E14657-34B8-4293-BFFE-F6F91CD16001}"
EndProject
Global
	GlobalSection(SolutionConfigurationPlatforms) = preSolution
		Debug|Any CPU = Debug|Any CPU
		Release|Any CPU = Release|Any CPU
	EndGlobalSection
	GlobalSection(ProjectConfigurationPlatforms) = postSolution
		{D5E14657-34B8-4293-BFFE-F6F91CD16001}.Debug|Any CPU.ActiveCfg = Debug|Any CPU
		{D5E14657-34B8-4293-BFFE-F6F91CD16001}.Debug|Any CPU.Build.0 = Debug|Any CPU
		{D5E14657-34B8-4293-BFFE-F6F91CD16001}.Release|Any CPU.ActiveCfg = Release|Any CPU
		{D5E14657-34B8-4293-BFFE-F6F91CD16001}.Release|Any CPU.Build.0 = Release|Any CPU
	EndGlobalSection
	GlobalSection(SolutionProperties) = preSolution
		HideSolutionNode = FALSE
	EndGlobalSection
	GlobalSection(ExtensibilityGlobals) = postSolution
		SolutionGuid = {D47E33AE-E937-4196-B572-706E1BD1CD63}
	EndGlobalSection
EndGlobal
